
Microsoft Visual Studio Solution File, Format Version 12.00
# Visual Studio Version 17
VisualStudioVersion = 17.8.34408.163
MinimumVisualStudioVersion = 10.0.40219.1
Project("{FAE04EC0-301F-11D3-BF4B-00C04F79EFBC}") = "Catatan_Keuangan", "Catatan_Keuangan\Catatan_Keuangan.csproj", "{D9BA86FC-FEED-40AF-8E49-94BFA42D8427}"
EndProject
Global
	GlobalSection(SolutionConfigurationPlatforms) = preSolution
		Debug|Any CPU = Debug|Any CPU
		Release|Any CPU = Release|Any CPU
	EndGlobalSection
	GlobalSection(ProjectConfigurationPlatforms) = postSolution
		{D9BA86FC-FEED-40AF-8E49-94BFA42D8427}.Debug|Any CPU.ActiveCfg = Debug|Any CPU
		{D9BA86FC-FEED-40AF-8E49-94BFA42D8427}.Debug|Any CPU.Build.0 = Debug|Any CPU
		{D9BA86FC-FEED-40AF-8E49-94BFA42D8427}.Release|Any CPU.ActiveCfg = Release|Any CPU
		{D9BA86FC-FEED-40AF-8E49-94BFA42D8427}.Release|Any CPU.Build.0 = Release|Any CPU
	EndGlobalSection
	GlobalSection(SolutionProperties) = preSolution
		HideSolutionNode = FALSE
	EndGlobalSection
	GlobalSection(ExtensibilityGlobals) = postSolution
		SolutionGuid = {8EC3233E-8F0E-4FA0-9550-A46DDC7C9DB4}
	EndGlobalSection
EndGlobal
